
Microsoft Visual Studio Solution File, Format Version 12.00
# Visual Studio Version 17
VisualStudioVersion = 17.14.36811.4
MinimumVisualStudioVersion = 10.0.40219.1
Project("{FAE04EC0-301F-11D3-BF4B-00C04F79EFBC}") = "WinFormsApp1", "WinFormsApp1\WinFormsApp1.csproj", "{548205AA-5633-4C10-85A5-55CE398BE0E8}"
EndProject
Project("{FAE04EC0-301F-11D3-BF4B-00C04F79EFBC}") = "ClassLibrary1_Lab2", "ClassLibrary1_Lab2\ClassLibrary1_Lab2.csproj", "{4C12E3FF-28D1-498B-9158-48DDD9067EFA}"
EndProject
Project("{FAE04EC0-301F-11D3-BF4B-00C04F79EFBC}") = "Lab02Variant17.Tests", "Lab02Variant17.Tests\Lab02Variant17.Tests.csproj", "{82C52F8A-282F-4B25-A1BE-1416CE890408}"
EndProject
Global
	GlobalSection(SolutionConfigurationPlatforms) = preSolution
		Debug|Any CPU = Debug|Any CPU
		Release|Any CPU = Release|Any CPU
	EndGlobalSection
	GlobalSection(ProjectConfigurationPlatforms) = postSolution
		{548205AA-5633-4C10-85A5-55CE398BE0E8}.Debug|Any CPU.ActiveCfg = Debug|Any CPU
		{548205AA-5633-4C10-85A5-55CE398BE0E8}.Debug|Any CPU.Build.0 = Debug|Any CPU
		{548205AA-5633-4C10-85A5-55CE398BE0E8}.Release|Any CPU.ActiveCfg = Release|Any CPU
		{548205AA-5633-4C10-85A5-55CE398BE0E8}.Release|Any CPU.Build.0 = Release|Any CPU
		{4C12E3FF-28D1-498B-9158-48DDD9067EFA}.Debug|Any CPU.ActiveCfg = Debug|Any CPU
		{4C12E3FF-28D1-498B-9158-48DDD9067EFA}.Debug|Any CPU.Build.0 = Debug|Any CPU
		{4C12E3FF-28D1-498B-9158-48DDD9067EFA}.Release|Any CPU.ActiveCfg = Release|Any CPU
		{4C12E3FF-28D1-498B-9158-48DDD9067EFA}.Release|Any CPU.Build.0 = Release|Any CPU
		{82C52F8A-282F-4B25-A1BE-1416CE890408}.Debug|Any CPU.ActiveCfg = Debug|Any CPU
		{82C52F8A-282F-4B25-A1BE-1416CE890408}.Debug|Any CPU.Build.0 = Debug|Any CPU
		{82C52F8A-282F-4B25-A1BE-1416CE890408}.Release|Any CPU.ActiveCfg = Release|Any CPU
		{82C52F8A-282F-4B25-A1BE-1416CE890408}.Release|Any CPU.Build.0 = Release|Any CPU
	EndGlobalSection
	GlobalSection(SolutionProperties) = preSolution
		HideSolutionNode = FALSE
	EndGlobalSection
	GlobalSection(ExtensibilityGlobals) = postSolution
		SolutionGuid = {AFF5FCE0-226B-4070-890E-E85AC596D15A}
	EndGlobalSection
EndGlobal
